
Microsoft Visual Studio Solution File, Format Version 12.00
# Visual Studio 15
VisualStudioVersion = 15.0.26730.12
MinimumVisualStudioVersion = 10.0.40219.1
Project("{FAE04EC0-301F-11D3-BF4B-00C04F79EFBC}") = "ProceduralWorldGeneration", "ProceduralWorldGeneration\ProceduralWorldGeneration.csproj", "{BAB140D7-8180-491D-8948-6138C06D39E1}"
EndProject
Project("{FAE04EC0-301F-11D3-BF4B-00C04F79EFBC}") = "UniverseGenerationTests", "UniverseGenerationTests\UniverseGenerationTests.csproj", "{6E44F225-BA2A-40ED-9715-C65CE7A1BA2A}"
EndProject
Global
	GlobalSection(SolutionConfigurationPlatforms) = preSolution
		Debug|Any CPU = Debug|Any CPU
		Release|Any CPU = Release|Any CPU
	EndGlobalSection
	GlobalSection(ProjectConfigurationPlatforms) = postSolution
		{BAB140D7-8180-491D-8948-6138C06D39E1}.Debug|Any CPU.ActiveCfg = Debug|Any CPU
		{BAB140D7-8180-491D-8948-6138C06D39E1}.Debug|Any CPU.Build.0 = Debug|Any CPU
		{BAB140D7-8180-491D-8948-6138C06D39E1}.Release|Any CPU.ActiveCfg = Release|Any CPU
		{BAB140D7-8180-491D-8948-6138C06D39E1}.Release|Any CPU.Build.0 = Release|Any CPU
		{6E44F225-BA2A-40ED-9715-C65CE7A1BA2A}.Debug|Any CPU.ActiveCfg = Debug|Any CPU
		{6E44F225-BA2A-40ED-9715-C65CE7A1BA2A}.Debug|Any CPU.Build.0 = Debug|Any CPU
		{6E44F225-BA2A-40ED-9715-C65CE7A1BA2A}.Release|Any CPU.ActiveCfg = Release|Any CPU
		{6E44F225-BA2A-40ED-9715-C65CE7A1BA2A}.Release|Any CPU.Build.0 = Release|Any CPU
	EndGlobalSection
	GlobalSection(SolutionProperties) = preSolution
		HideSolutionNode = FALSE
	EndGlobalSection
	GlobalSection(ExtensibilityGlobals) = postSolution
		SolutionGuid = {ED5211C9-8CBA-476E-8F09-BACA7A6D989E}
	EndGlobalSection
EndGlobal
